// !$*UTF8*$!
{
	archiveVersion = 1;
	classes = {
	};
	objectVersion = 46;
	objects = {

/* Begin PBXBuildFile section */
		84B4E3491A22A4F100254F9F /* main.m in Sources */ = {isa = PBXBuildFile; fileRef = 84B4E3481A22A4F100254F9F /* main.m */; };
		84B4E34C1A22A4F100254F9F /* AppDelegate.m in Sources */ = {isa = PBXBuildFile; fileRef = 84B4E34B1A22A4F100254F9F /* AppDelegate.m */; };
		84B4E34E1A22A4F100254F9F /* Images.xcassets in Resources */ = {isa = PBXBuildFile; fileRef = 84B4E34D1A22A4F100254F9F /* Images.xcassets */; };
		84B4E3511A22A4F100254F9F /* LaunchScreen.xib in Resources */ = {isa = PBXBuildFile; fileRef = 84B4E34F1A22A4F100254F9F /* LaunchScreen.xib */; };
		84B4E35D1A22A4F100254F9F /* RTHCoverflipTests.m in Sources */ = {isa = PBXBuildFile; fileRef = 84B4E35C1A22A4F100254F9F /* RTHCoverflipTests.m */; };
		84B4E3681A22A57D00254F9F /* RTHCoverflipView.m in Sources */ = {isa = PBXBuildFile; fileRef = 84B4E3671A22A57D00254F9F /* RTHCoverflipView.m */; };
		84B4E36B1A22A68C00254F9F /* MainViewController.m in Sources */ = {isa = PBXBuildFile; fileRef = 84B4E36A1A22A68C00254F9F /* MainViewController.m */; };
		84B4E36E1A22AB2D00254F9F /* RTHItemCoverflipView.m in Sources */ = {isa = PBXBuildFile; fileRef = 84B4E36D1A22AB2D00254F9F /* RTHItemCoverflipView.m */; };
/* End PBXBuildFile section */

/* Begin PBXContainerItemProxy section */
		84B4E3571A22A4F100254F9F /* PBXContainerItemProxy */ = {
			isa = PBXContainerItemProxy;
			containerPortal = 84B4E33B1A22A4F100254F9F /* Project object */;
			proxyType = 1;
			remoteGlobalIDString = 84B4E3421A22A4F100254F9F;
			remoteInfo = RTHCoverflip;
		};
/* End PBXContainerItemProxy section */

/* Begin PBXFileReference section */
		84B4E3431A22A4F100254F9F /* RTHCoverflip.app */ = {isa = PBXFileReference; explicitFileType = wrapper.application; includeInIndex = 0; path = RTHCoverflip.app; sourceTree = BUILT_PRODUCTS_DIR; };
		84B4E3471A22A4F100254F9F /* Info.plist */ = {isa = PBXFileReference; lastKnownFileType = text.plist.xml; path = Info.plist; sourceTree = "<group>"; };
		84B4E3481A22A4F100254F9F /* main.m */ = {isa = PBXFileReference; lastKnownFileType = sourcecode.c.objc; path = main.m; sourceTree = "<group>"; };
		84B4E34A1A22A4F100254F9F /* AppDelegate.h */ = {isa = PBXFileReference; lastKnownFileType = sourcecode.c.h; path = AppDelegate.h; sourceTree = "<group>"; };
		84B4E34B1A22A4F100254F9F /* AppDelegate.m */ = {isa = PBXFileReference; lastKnownFileType = sourcecode.c.objc; path = AppDelegate.m; sourceTree = "<group>"; };
		84B4E34D1A22A4F100254F9F /* Images.xcassets */ = {isa = PBXFileReference; lastKnownFileType = folder.assetcatalog; path = Images.xcassets; sourceTree = "<group>"; };
		84B4E3501A22A4F100254F9F /* Base */ = {isa = PBXFileReference; lastKnownFileType = file.xib; name = Base; path = Base.lproj/LaunchScreen.xib; sourceTree = "<group>"; };
		84B4E3561A22A4F100254F9F /* RTHCoverflipTests.xctest */ = {isa = PBXFileReference; explicitFileType = wrapper.cfbundle; includeInIndex = 0; path = RTHCoverflipTests.xctest; sourceTree = BUILT_PRODUCTS_DIR; };
		84B4E35B1A22A4F100254F9F /* Info.plist */ = {isa = PBXFileReference; lastKnownFileType = text.plist.xml; path = Info.plist; sourceTree = "<group>"; };
		84B4E35C1A22A4F100254F9F /* RTHCoverflipTests.m */ = {isa = PBXFileReference; lastKnownFileType = sourcecode.c.objc; path = RTHCoverflipTests.m; sourceTree = "<group>"; };
		84B4E3661A22A57D00254F9F /* RTHCoverflipView.h */ = {isa = PBXFileReference; fileEncoding = 4; lastKnownFileType = sourcecode.c.h; path = RTHCoverflipView.h; sourceTree = "<group>"; };
		84B4E3671A22A57D00254F9F /* RTHCoverflipView.m */ = {isa = PBXFileReference; fileEncoding = 4; lastKnownFileType = sourcecode.c.objc; path = RTHCoverflipView.m; sourceTree = "<group>"; };
		84B4E3691A22A68C00254F9F /* MainViewController.h */ = {isa = PBXFileReference; fileEncoding = 4; lastKnownFileType = sourcecode.c.h; path = MainViewController.h; sourceTree = "<group>"; };
		84B4E36A1A22A68C00254F9F /* MainViewController.m */ = {isa = PBXFileReference; fileEncoding = 4; lastKnownFileType = sourcecode.c.objc; path = MainViewController.m; sourceTree = "<group>"; };
		84B4E36C1A22AB2D00254F9F /* RTHItemCoverflipView.h */ = {isa = PBXFileReference; fileEncoding = 4; lastKnownFileType = sourcecode.c.h; path = RTHItemCoverflipView.h; sourceTree = "<group>"; };
		84B4E36D1A22AB2D00254F9F /* RTHItemCoverflipView.m */ = {isa = PBXFileReference; fileEncoding = 4; lastKnownFileType = sourcecode.c.objc; path = RTHItemCoverflipView.m; sourceTree = "<group>"; };
/* End PBXFileReference section */

/* Begin PBXFrameworksBuildPhase section */
		84B4E3401A22A4F100254F9F /* Frameworks */ = {
			isa = PBXFrameworksBuildPhase;
			buildActionMask = 2147483647;
			files = (
			);
			runOnlyForDeploymentPostprocessing = 0;
		};
		84B4E3531A22A4F100254F9F /* Frameworks */ = {
			isa = PBXFrameworksBuildPhase;
			buildActionMask = 2147483647;
			files = (
			);
			runOnlyForDeploymentPostprocessing = 0;
		};
/* End PBXFrameworksBuildPhase section */

/* Begin PBXGroup section */
		84B4E33A1A22A4F100254F9F = {
			isa = PBXGroup;
			children = (
				84B4E3451A22A4F100254F9F /* RTHCoverflip */,
				84B4E3591A22A4F100254F9F /* RTHCoverflipTests */,
				84B4E3441A22A4F100254F9F /* Products */,
			);
			sourceTree = "<group>";
		};
		84B4E3441A22A4F100254F9F /* Products */ = {
			isa = PBXGroup;
			children = (
				84B4E3431A22A4F100254F9F /* RTHCoverflip.app */,
				84B4E3561A22A4F100254F9F /* RTHCoverflipTests.xctest */,
			);
			name = Products;
			sourceTree = "<group>";
		};
		84B4E3451A22A4F100254F9F /* RTHCoverflip */ = {
			isa = PBXGroup;
			children = (
				84B4E34A1A22A4F100254F9F /* AppDelegate.h */,
				84B4E34B1A22A4F100254F9F /* AppDelegate.m */,
				84B4E34D1A22A4F100254F9F /* Images.xcassets */,
				84B4E34F1A22A4F100254F9F /* LaunchScreen.xib */,
				84B4E3461A22A4F100254F9F /* Supporting Files */,
				84B4E3661A22A57D00254F9F /* RTHCoverflipView.h */,
				84B4E3671A22A57D00254F9F /* RTHCoverflipView.m */,
				84B4E3691A22A68C00254F9F /* MainViewController.h */,
				84B4E36A1A22A68C00254F9F /* MainViewController.m */,
				84B4E36C1A22AB2D00254F9F /* RTHItemCoverflipView.h */,
				84B4E36D1A22AB2D00254F9F /* RTHItemCoverflipView.m */,
			);
			path = RTHCoverflip;
			sourceTree = "<group>";
		};
		84B4E3461A22A4F100254F9F /* Supporting Files */ = {
			isa = PBXGroup;
			children = (
				84B4E3471A22A4F100254F9F /* Info.plist */,
				84B4E3481A22A4F100254F9F /* main.m */,
			);
			name = "Supporting Files";
			sourceTree = "<group>";
		};
		84B4E3591A22A4F100254F9F /* RTHCoverflipTests */ = {
			isa = PBXGroup;
			children = (
				84B4E35C1A22A4F100254F9F /* RTHCoverflipTests.m */,
				84B4E35A1A22A4F100254F9F /* Supporting Files */,
			);
			path = RTHCoverflipTests;
			sourceTree = "<group>";
		};
		84B4E35A1A22A4F100254F9F /* Supporting Files */ = {
			isa = PBXGroup;
			children = (
				84B4E35B1A22A4F100254F9F /* Info.plist */,
			);
			name = "Supporting Files";
			sourceTree = "<group>";
		};
/* End PBXGroup section */

/* Begin PBXNativeTarget section */
		84B4E3421A22A4F100254F9F /* RTHCoverflip */ = {
			isa = PBXNativeTarget;
			buildConfigurationList = 84B4E3601A22A4F100254F9F /* Build configuration list for PBXNativeTarget "RTHCoverflip" */;
			buildPhases = (
				84B4E33F1A22A4F100254F9F /* Sources */,
				84B4E3401A22A4F100254F9F /* Frameworks */,
				84B4E3411A22A4F100254F9F /* Resources */,
			);
			buildRules = (
			);
			dependencies = (
			);
			name = RTHCoverflip;
			productName = RTHCoverflip;
			productReference = 84B4E3431A22A4F100254F9F /* RTHCoverflip.app */;
			productType = "com.apple.product-type.application";
		};
		84B4E3551A22A4F100254F9F /* RTHCoverflipTests */ = {
			isa = PBXNativeTarget;
			buildConfigurationList = 84B4E3631A22A4F100254F9F /* Build configuration list for PBXNativeTarget "RTHCoverflipTests" */;
			buildPhases = (
				84B4E3521A22A4F100254F9F /* Sources */,
				84B4E3531A22A4F100254F9F /* Frameworks */,
				84B4E3541A22A4F100254F9F /* Resources */,
			);
			buildRules = (
			);
			dependencies = (
				84B4E3581A22A4F100254F9F /* PBXTargetDependency */,
			);
			name = RTHCoverflipTests;
			productName = RTHCoverflipTests;
			productReference = 84B4E3561A22A4F100254F9F /* RTHCoverflipTests.xctest */;
			productType = "com.apple.product-type.bundle.unit-test";
		};
/* End PBXNativeTarget section */

/* Begin PBXProject section */
		84B4E33B1A22A4F100254F9F /* Project object */ = {
			isa = PBXProject;
			attributes = {
				LastUpgradeCheck = 0610;
				ORGANIZATIONNAME = rth;
				TargetAttributes = {
					84B4E3421A22A4F100254F9F = {
						CreatedOnToolsVersion = 6.1;
					};
					84B4E3551A22A4F100254F9F = {
						CreatedOnToolsVersion = 6.1;
						TestTargetID = 84B4E3421A22A4F100254F9F;
					};
				};
			};
			buildConfigurationList = 84B4E33E1A22A4F100254F9F /* Build configuration list for PBXProject "RTHCoverflip" */;
			compatibilityVersion = "Xcode 3.2";
			developmentRegion = English;
			hasScannedForEncodings = 0;
			knownRegions = (
				en,
				Base,
			);
			mainGroup = 84B4E33A1A22A4F100254F9F;
			productRefGroup = 84B4E3441A22A4F100254F9F /* Products */;
			projectDirPath = "";
			projectRoot = "";
			targets = (
				84B4E3421A22A4F100254F9F /* RTHCoverflip */,
				84B4E3551A22A4F100254F9F /* RTHCoverflipTests */,
			);
		};
/* End PBXProject section */

/* Begin PBXResourcesBuildPhase section */
		84B4E3411A22A4F100254F9F /* Resources */ = {
			isa = PBXResourcesBuildPhase;
			buildActionMask = 2147483647;
			files = (
				84B4E3511A22A4F100254F9F /* LaunchScreen.xib in Resources */,
				84B4E34E1A22A4F100254F9F /* Images.xcassets in Resources */,
			);
			runOnlyForDeploymentPostprocessing = 0;
		};
		84B4E3541A22A4F100254F9F /* Resources */ = {
			isa = PBXResourcesBuildPhase;
			buildActionMask = 2147483647;
			files = (
			);
			runOnlyForDeploymentPostprocessing = 0;
		};
/* End PBXResourcesBuildPhase section */

/* Begin PBXSourcesBuildPhase section */
		84B4E33F1A22A4F100254F9F /* Sources */ = {
			isa = PBXSourcesBuildPhase;
			buildActionMask = 2147483647;
			files = (
				84B4E3681A22A57D00254F9F /* RTHCoverflipView.m in Sources */,
				84B4E36E1A22AB2D00254F9F /* RTHItemCoverflipView.m in Sources */,
				84B4E34C1A22A4F100254F9F /* AppDelegate.m in Sources */,
				84B4E3491A22A4F100254F9F /* main.m in Sources */,
				84B4E36B1A22A68C00254F9F /* MainViewController.m in Sources */,
			);
			runOnlyForDeploymentPostprocessing = 0;
		};
		84B4E3521A22A4F100254F9F /* Sources */ = {
			isa = PBXSourcesBuildPhase;
			buildActionMask = 2147483647;
			files = (
				84B4E35D1A22A4F100254F9F /* RTHCoverflipTests.m in Sources */,
			);
			runOnlyForDeploymentPostprocessing = 0;
		};
/* End PBXSourcesBuildPhase section */

/* Begin PBXTargetDependency section */
		84B4E3581A22A4F100254F9F /* PBXTargetDependency */ = {
			isa = PBXTargetDependency;
			target = 84B4E3421A22A4F100254F9F /* RTHCoverflip */;
			targetProxy = 84B4E3571A22A4F100254F9F /* PBXContainerItemProxy */;
		};
/* End PBXTargetDependency section */

/* Begin PBXVariantGroup section */
		84B4E34F1A22A4F100254F9F /* LaunchScreen.xib */ = {
			isa = PBXVariantGroup;
			children = (
				84B4E3501A22A4F100254F9F /* Base */,
			);
			name = LaunchScreen.xib;
			sourceTree = "<group>";
		};
/* End PBXVariantGroup section */

/* Begin XCBuildConfiguration section */
		84B4E35E1A22A4F100254F9F /* Debug */ = {
			isa = XCBuildConfiguration;
			buildSettings = {
				ALWAYS_SEARCH_USER_PATHS = NO;
				CLANG_CXX_LANGUAGE_STANDARD = "gnu++0x";
				CLANG_CXX_LIBRARY = "libc++";
				CLANG_ENABLE_MODULES = YES;
				CLANG_ENABLE_OBJC_ARC = YES;
				CLANG_WARN_BOOL_CONVERSION = YES;
				CLANG_WARN_CONSTANT_CONVERSION = YES;
				CLANG_WARN_DIRECT_OBJC_ISA_USAGE = YES_ERROR;
				CLANG_WARN_EMPTY_BODY = YES;
				CLANG_WARN_ENUM_CONVERSION = YES;
				CLANG_WARN_INT_CONVERSION = YES;
				CLANG_WARN_OBJC_ROOT_CLASS = YES_ERROR;
				CLANG_WARN_UNREACHABLE_CODE = YES;
				CLANG_WARN__DUPLICATE_METHOD_MATCH = YES;
				"CODE_SIGN_IDENTITY[sdk=iphoneos*]" = "iPhone Developer";
				COPY_PHASE_STRIP = NO;
				ENABLE_STRICT_OBJC_MSGSEND = YES;
				GCC_C_LANGUAGE_STANDARD = gnu99;
				GCC_DYNAMIC_NO_PIC = NO;
				GCC_OPTIMIZATION_LEVEL = 0;
				GCC_PREPROCESSOR_DEFINITIONS = (
					"DEBUG=1",
					"$(inherited)",
				);
				GCC_SYMBOLS_PRIVATE_EXTERN = NO;
				GCC_WARN_64_TO_32_BIT_CONVERSION = YES;
				GCC_WARN_ABOUT_RETURN_TYPE = YES_ERROR;
				GCC_WARN_UNDECLARED_SELECTOR = YES;
				GCC_WARN_UNINITIALIZED_AUTOS = YES_AGGRESSIVE;
				GCC_WARN_UNUSED_FUNCTION = YES;
				GCC_WARN_UNUSED_VARIABLE = YES;
				IPHONEOS_DEPLOYMENT_TARGET = 8.1;
				MTL_ENABLE_DEBUG_INFO = YES;
				ONLY_ACTIVE_ARCH = YES;
				SDKROOT = iphoneos;
			};
			name = Debug;
		};
		84B4E35F1A22A4F100254F9F /* Release */ = {
			isa = XCBuildConfiguration;
			buildSettings = {
				ALWAYS_SEARCH_USER_PATHS = NO;
				CLANG_CXX_LANGUAGE_STANDARD = "gnu++0x";
				CLANG_CXX_LIBRARY = "libc++";
				CLANG_ENABLE_MODULES = YES;
				CLANG_ENABLE_OBJC_ARC = YES;
				CLANG_WARN_BOOL_CONVERSION = YES;
				CLANG_WARN_CONSTANT_CONVERSION = YES;
				CLANG_WARN_DIRECT_OBJC_ISA_USAGE = YES_ERROR;
				CLANG_WARN_EMPTY_BODY = YES;
				CLANG_WARN_ENUM_CONVERSION = YES;
				CLANG_WARN_INT_CONVERSION = YES;
				CLANG_WARN_OBJC_ROOT_CLASS = YES_ERROR;
				CLANG_WARN_UNREACHABLE_CODE = YES;
				CLANG_WARN__DUPLICATE_METHOD_MATCH = YES;
				"CODE_SIGN_IDENTITY[sdk=iphoneos*]" = "iPhone Developer";
				COPY_PHASE_STRIP = YES;
				ENABLE_NS_ASSERTIONS = NO;
				ENABLE_STRICT_OBJC_MSGSEND = YES;
				GCC_C_LANGUAGE_STANDARD = gnu99;
				GCC_WARN_64_TO_32_BIT_CONVERSION = YES;
				GCC_WARN_ABOUT_RETURN_TYPE = YES_ERROR;
				GCC_WARN_UNDECLARED_SELECTOR = YES;
				GCC_WARN_UNINITIALIZED_AUTOS = YES_AGGRESSIVE;
				GCC_WARN_UNUSED_FUNCTION = YES;
				GCC_WARN_UNUSED_VARIABLE = YES;
				IPHONEOS_DEPLOYMENT_TARGET = 8.1;
				MTL_ENABLE_DEBUG_INFO = NO;
				SDKROOT = iphoneos;
				VALIDATE_PRODUCT = YES;
			};
			name = Release;
		};
		84B4E3611A22A4F100254F9F /* Debug */ = {
			isa = XCBuildConfiguration;
			buildSettings = {
				ASSETCATALOG_COMPILER_APPICON_NAME = AppIcon;
				INFOPLIST_FILE = RTHCoverflip/Info.plist;
				LD_RUNPATH_SEARCH_PATHS = "$(inherited) @executable_path/Frameworks";
				PRODUCT_NAME = "$(TARGET_NAME)";
			};
			name = Debug;
		};
		84B4E3621A22A4F100254F9F /* Release */ = {
			isa = XCBuildConfiguration;
			buildSettings = {
				ASSETCATALOG_COMPILER_APPICON_NAME = AppIcon;
				INFOPLIST_FILE = RTHCoverflip/Info.plist;
				LD_RUNPATH_SEARCH_PATHS = "$(inherited) @executable_path/Frameworks";
				PRODUCT_NAME = "$(TARGET_NAME)";
			};
			name = Release;
		};
		84B4E3641A22A4F100254F9F /* Debug */ = {
			isa = XCBuildConfiguration;
			buildSettings = {
				BUNDLE_LOADER = "$(TEST_HOST)";
				FRAMEWORK_SEARCH_PATHS = (
					"$(SDKROOT)/Developer/Library/Frameworks",
					"$(inherited)",
				);
				GCC_PREPROCESSOR_DEFINITIONS = (
					"DEBUG=1",
					"$(inherited)",
				);
				INFOPLIST_FILE = RTHCoverflipTests/Info.plist;
				LD_RUNPATH_SEARCH_PATHS = "$(inherited) @executable_path/Frameworks @loader_path/Frameworks";
				PRODUCT_NAME = "$(TARGET_NAME)";
				TEST_HOST = "$(BUILT_PRODUCTS_DIR)/RTHCoverflip.app/RTHCoverflip";
			};
			name = Debug;
		};
		84B4E3651A22A4F100254F9F /* Release */ = {
			isa = XCBuildConfiguration;
			buildSettings = {
				BUNDLE_LOADER = "$(TEST_HOST)";
				FRAMEWORK_SEARCH_PATHS = (
					"$(SDKROOT)/Developer/Library/Frameworks",
					"$(inherited)",
				);
				INFOPLIST_FILE = RTHCoverflipTests/Info.plist;
				LD_RUNPATH_SEARCH_PATHS = "$(inherited) @executable_path/Frameworks @loader_path/Frameworks";
				PRODUCT_NAME = "$(TARGET_NAME)";
				TEST_HOST = "$(BUILT_PRODUCTS_DIR)/RTHCoverflip.app/RTHCoverflip";
			};
			name = Release;
		};
/* End XCBuildConfiguration section */

/* Begin XCConfigurationList section */
		84B4E33E1A22A4F100254F9F /* Build configuration list for PBXProject "RTHCoverflip" */ = {
			isa = XCConfigurationList;
			buildConfigurations = (
				84B4E35E1A22A4F100254F9F /* Debug */,
				84B4E35F1A22A4F100254F9F /* Release */,
			);
			defaultConfigurationIsVisible = 0;
			defaultConfigurationName = Release;
		};
		84B4E3601A22A4F100254F9F /* Build configuration list for PBXNativeTarget "RTHCoverflip" */ = {
			isa = XCConfigurationList;
			buildConfigurations = (
				84B4E3611A22A4F100254F9F /* Debug */,
				84B4E3621A22A4F100254F9F /* Release */,
			);
			defaultConfigurationIsVisible = 0;
		};
		84B4E3631A22A4F100254F9F /* Build configuration list for PBXNativeTarget "RTHCoverflipTests" */ = {
			isa = XCConfigurationList;
			buildConfigurations = (
				84B4E3641A22A4F100254F9F /* Debug */,
				84B4E3651A22A4F100254F9F /* Release */,
			);
			defaultConfigurationIsVisible = 0;
		};
/* End XCConfigurationList section */
	};
	rootObject = 84B4E33B1A22A4F100254F9F /* Project object */;
}
